
Microsoft Visual Studio Solution File, Format Version 12.00
# Visual Studio Version 17
VisualStudioVersion = 17.4.33213.308
MinimumVisualStudioVersion = 10.0.40219.1
Project("{8BC9CEB8-8B4A-11D0-8D11-00A0C91BC942}") = "Project13", "Project13\Project13.vcxproj", "{ACE826D9-09C0-46D7-B91A-AC1DDCAE84F8}"
EndProject
Global
	GlobalSection(SolutionConfigurationPlatforms) = preSolution
		Debug|x64 = Debug|x64
		Debug|x86 = Debug|x86
		Release|x64 = Release|x64
		Release|x86 = Release|x86
	EndGlobalSection
	GlobalSection(ProjectConfigurationPlatforms) = postSolution
		{ACE826D9-09C0-46D7-B91A-AC1DDCAE84F8}.Debug|x64.ActiveCfg = Debug|x64
		{ACE826D9-09C0-46D7-B91A-AC1DDCAE84F8}.Debug|x64.Build.0 = Debug|x64
		{ACE826D9-09C0-46D7-B91A-AC1DDCAE84F8}.Debug|x86.ActiveCfg = Debug|Win32
		{ACE826D9-09C0-46D7-B91A-AC1DDCAE84F8}.Debug|x86.Build.0 = Debug|Win32
		{ACE826D9-09C0-46D7-B91A-AC1DDCAE84F8}.Release|x64.ActiveCfg = Release|x64
		{ACE826D9-09C0-46D7-B91A-AC1DDCAE84F8}.Release|x64.Build.0 = Release|x64
		{ACE826D9-09C0-46D7-B91A-AC1DDCAE84F8}.Release|x86.ActiveCfg = Release|Win32
		{ACE826D9-09C0-46D7-B91A-AC1DDCAE84F8}.Release|x86.Build.0 = Release|Win32
	EndGlobalSection
	GlobalSection(SolutionProperties) = preSolution
		HideSolutionNode = FALSE
	EndGlobalSection
	GlobalSection(ExtensibilityGlobals) = postSolution
		SolutionGuid = {2DC9A21C-75AD-41F0-8329-EEEABEEA5B21}
	EndGlobalSection
EndGlobal
